<?xml version="1.0" encoding="utf-8"?>
<Project ToolsVersion="4.0" xmlns="http://schemas.microsoft.com/developer/msbuild/2003">
  <ItemGroup>
    <ClCompile Include="bg_continue.cpp" />
    <ClCompile Include="bg_result.cpp" />
    <ClCompile Include="bg_title.cpp" />
    <ClCompile Include="billboard.cpp" />
    <ClCompile Include="button.cpp" />
    <ClCompile Include="button_continue.cpp" />
    <ClCompile Include="button_not_continue.cpp" />
    <ClCompile Include="byte_effect.cpp" />
    <ClCompile Include="camera.cpp" />
    <ClCompile Include="character.cpp" />
    <ClCompile Include="circle_particle.cpp" />
    <ClCompile Include="continue.cpp" />
    <ClCompile Include="continue_button_manager.cpp" />
    <ClCompile Include="continue_logo.cpp" />
    <ClCompile Include="daiya.cpp" />
    <ClCompile Include="dust_particle.cpp" />
    <ClCompile Include="effect.cpp" />
    <ClCompile Include="enemy.cpp" />
    <ClCompile Include="fade.cpp" />
    <ClCompile Include="input.cpp" />
    <ClCompile Include="item.cpp" />
    <ClCompile Include="item_diamond.cpp" />
    <ClCompile Include="item_meat.cpp" />
    <ClCompile Include="joystick.cpp" />
    <ClCompile Include="keyboard.cpp" />
    <ClCompile Include="light.cpp" />
    <ClCompile Include="main.cpp" />
    <ClCompile Include="manager.cpp" />
    <ClCompile Include="meat.cpp" />
    <ClCompile Include="model.cpp" />
    <ClCompile Include="mode_game.cpp" />
    <ClCompile Include="mode_result.cpp" />
    <ClCompile Include="mode_title.cpp" />
    <ClCompile Include="mode_tutorial.cpp" />
    <ClCompile Include="ainimation.cpp" />
    <ClCompile Include="number.cpp" />
    <ClCompile Include="particle.cpp" />
    <ClCompile Include="player.cpp" />
    <ClCompile Include="polygon3d.cpp" />
    <ClCompile Include="renderer.cpp" />
    <ClCompile Include="scene.cpp" />
    <ClCompile Include="scene2d.cpp" />
    <ClCompile Include="scene3d.cpp" />
    <ClCompile Include="score.cpp" />
    <ClCompile Include="sound.cpp" />
    <ClCompile Include="stan_effect.cpp" />
    <ClCompile Include="title_logo.cpp" />
    <ClCompile Include="ui.cpp" />
    <ClCompile Include="bg_tutorial.cpp" />
  </ItemGroup>
  <ItemGroup>
    <ClInclude Include="animation.h" />
    <ClInclude Include="bg_continue.h" />
    <ClInclude Include="bg_result.h" />
    <ClInclude Include="bg_title.h" />
    <ClInclude Include="billboard.h" />
    <ClInclude Include="button.h" />
    <ClInclude Include="button_continue.h" />
    <ClInclude Include="button_not_continue.h" />
    <ClInclude Include="byte_effect.h" />
    <ClInclude Include="camera.h" />
    <ClInclude Include="character.h" />
    <ClInclude Include="circle_particle.h" />
    <ClInclude Include="continue.h" />
    <ClInclude Include="continue_button_manager.h" />
    <ClInclude Include="continue_logo.h" />
    <ClInclude Include="daiya.h" />
    <ClInclude Include="dust_particle.h" />
    <ClInclude Include="effect.h" />
    <ClInclude Include="enemy.h" />
    <ClInclude Include="fade.h" />
    <ClInclude Include="input.h" />
    <ClInclude Include="item.h" />
    <ClInclude Include="item_diamond.h" />
    <ClInclude Include="item_meat.h" />
    <ClInclude Include="joystick.h" />
    <ClInclude Include="Keyboard.h" />
    <ClInclude Include="light.h" />
    <ClInclude Include="main.h" />
    <ClInclude Include="manager.h" />
    <ClInclude Include="meat.h" />
    <ClInclude Include="model.h" />
    <ClInclude Include="mode_game.h" />
    <ClInclude Include="mode_result.h" />
    <ClInclude Include="mode_title.h" />
    <ClInclude Include="mode_tutorial.h" />
    <ClInclude Include="motion.h" />
    <ClInclude Include="number.h" />
    <ClInclude Include="particle.h" />
    <ClInclude Include="player.h" />
    <ClInclude Include="polygon3d.h" />
    <ClInclude Include="renderer.h" />
    <ClInclude Include="scene.h" />
    <ClInclude Include="scene2d.h" />
    <ClInclude Include="scene3d.h" />
    <ClInclude Include="score.h" />
    <ClInclude Include="sound.h" />
    <ClInclude Include="stan_effect.h" />
    <ClInclude Include="title_logo.h" />
    <ClInclude Include="ui.h" />
    <ClInclude Include="bg_tutorial.h" />
  </ItemGroup>
</Project>